
Microsoft Visual Studio Solution File, Format Version 12.00
# Visual Studio Version 17
VisualStudioVersion = 17.3.32929.385
MinimumVisualStudioVersion = 10.0.40219.1
Project("{FAE04EC0-301F-11D3-BF4B-00C04F79EFBC}") = "WDF_1", "WDF_1.csproj", "{04ED442C-5AD5-46CB-BBCD-BFF7B6836614}"
EndProject
Global
	GlobalSection(SolutionConfigurationPlatforms) = preSolution
		Debug|Any CPU = Debug|Any CPU
		Release|Any CPU = Release|Any CPU
	EndGlobalSection
	GlobalSection(ProjectConfigurationPlatforms) = postSolution
		{04ED442C-5AD5-46CB-BBCD-BFF7B6836614}.Debug|Any CPU.ActiveCfg = Debug|Any CPU
		{04ED442C-5AD5-46CB-BBCD-BFF7B6836614}.Debug|Any CPU.Build.0 = Debug|Any CPU
		{04ED442C-5AD5-46CB-BBCD-BFF7B6836614}.Release|Any CPU.ActiveCfg = Release|Any CPU
		{04ED442C-5AD5-46CB-BBCD-BFF7B6836614}.Release|Any CPU.Build.0 = Release|Any CPU
	EndGlobalSection
	GlobalSection(SolutionProperties) = preSolution
		HideSolutionNode = FALSE
	EndGlobalSection
	GlobalSection(ExtensibilityGlobals) = postSolution
		SolutionGuid = {61EAC7AF-0F74-47D1-9E0A-B49A3F67BCFA}
	EndGlobalSection
EndGlobal
